// !$*UTF8*$!
{
	archiveVersion = 1;
	classes = {
	};
	objectVersion = 46;
	objects = {

/* Begin PBXBuildFile section */
		18062EB81B7764FE00CCB5F3 /* AppDelegate.swift in Sources */ = {isa = PBXBuildFile; fileRef = 18062EB71B7764FE00CCB5F3 /* AppDelegate.swift */; };
		18062EBA1B7764FE00CCB5F3 /* ViewController.swift in Sources */ = {isa = PBXBuildFile; fileRef = 18062EB91B7764FE00CCB5F3 /* ViewController.swift */; };
		18062EBD1B7764FE00CCB5F3 /* Main.storyboard in Resources */ = {isa = PBXBuildFile; fileRef = 18062EBB1B7764FE00CCB5F3 /* Main.storyboard */; };
		18062EBF1B7764FE00CCB5F3 /* Images.xcassets in Resources */ = {isa = PBXBuildFile; fileRef = 18062EBE1B7764FE00CCB5F3 /* Images.xcassets */; };
		18062EC21B7764FE00CCB5F3 /* LaunchScreen.xib in Resources */ = {isa = PBXBuildFile; fileRef = 18062EC01B7764FE00CCB5F3 /* LaunchScreen.xib */; };
		18062ECE1B7764FE00CCB5F3 /* Cat_YearsTests.swift in Sources */ = {isa = PBXBuildFile; fileRef = 18062ECD1B7764FE00CCB5F3 /* Cat_YearsTests.swift */; };
		18062ED81B7766AA00CCB5F3 /* cat.jpg in Resources */ = {isa = PBXBuildFile; fileRef = 18062ED71B7766AA00CCB5F3 /* cat.jpg */; };
/* End PBXBuildFile section */

/* Begin PBXContainerItemProxy section */
		18062EC81B7764FE00CCB5F3 /* PBXContainerItemProxy */ = {
			isa = PBXContainerItemProxy;
			containerPortal = 18062EAA1B7764FE00CCB5F3 /* Project object */;
			proxyType = 1;
			remoteGlobalIDString = 18062EB11B7764FE00CCB5F3;
			remoteInfo = "Cat Years";
		};
/* End PBXContainerItemProxy section */

/* Begin PBXFileReference section */
		18062EB21B7764FE00CCB5F3 /* Cat Years.app */ = {isa = PBXFileReference; explicitFileType = wrapper.application; includeInIndex = 0; path = "Cat Years.app"; sourceTree = BUILT_PRODUCTS_DIR; };
		18062EB61B7764FE00CCB5F3 /* Info.plist */ = {isa = PBXFileReference; lastKnownFileType = text.plist.xml; path = Info.plist; sourceTree = "<group>"; };
		18062EB71B7764FE00CCB5F3 /* AppDelegate.swift */ = {isa = PBXFileReference; lastKnownFileType = sourcecode.swift; path = AppDelegate.swift; sourceTree = "<group>"; };
		18062EB91B7764FE00CCB5F3 /* ViewController.swift */ = {isa = PBXFileReference; lastKnownFileType = sourcecode.swift; path = ViewController.swift; sourceTree = "<group>"; };
		18062EBC1B7764FE00CCB5F3 /* Base */ = {isa = PBXFileReference; lastKnownFileType = file.storyboard; name = Base; path = Base.lproj/Main.storyboard; sourceTree = "<group>"; };
		18062EBE1B7764FE00CCB5F3 /* Images.xcassets */ = {isa = PBXFileReference; lastKnownFileType = folder.assetcatalog; path = Images.xcassets; sourceTree = "<group>"; };
		18062EC11B7764FE00CCB5F3 /* Base */ = {isa = PBXFileReference; lastKnownFileType = file.xib; name = Base; path = Base.lproj/LaunchScreen.xib; sourceTree = "<group>"; };
		18062EC71B7764FE00CCB5F3 /* Cat YearsTests.xctest */ = {isa = PBXFileReference; explicitFileType = wrapper.cfbundle; includeInIndex = 0; path = "Cat YearsTests.xctest"; sourceTree = BUILT_PRODUCTS_DIR; };
		18062ECC1B7764FE00CCB5F3 /* Info.plist */ = {isa = PBXFileReference; lastKnownFileType = text.plist.xml; path = Info.plist; sourceTree = "<group>"; };
		18062ECD1B7764FE00CCB5F3 /* Cat_YearsTests.swift */ = {isa = PBXFileReference; lastKnownFileType = sourcecode.swift; path = Cat_YearsTests.swift; sourceTree = "<group>"; };
		18062ED71B7766AA00CCB5F3 /* cat.jpg */ = {isa = PBXFileReference; lastKnownFileType = image.jpeg; path = cat.jpg; sourceTree = "<group>"; };
/* End PBXFileReference section */

/* Begin PBXFrameworksBuildPhase section */
		18062EAF1B7764FE00CCB5F3 /* Frameworks */ = {
			isa = PBXFrameworksBuildPhase;
			buildActionMask = 2147483647;
			files = (
			);
			runOnlyForDeploymentPostprocessing = 0;
		};
		18062EC41B7764FE00CCB5F3 /* Frameworks */ = {
			isa = PBXFrameworksBuildPhase;
			buildActionMask = 2147483647;
			files = (
			);
			runOnlyForDeploymentPostprocessing = 0;
		};
/* End PBXFrameworksBuildPhase section */

/* Begin PBXGroup section */
		18062EA91B7764FE00CCB5F3 = {
			isa = PBXGroup;
			children = (
				18062EB41B7764FE00CCB5F3 /* Cat Years */,
				18062ECA1B7764FE00CCB5F3 /* Cat YearsTests */,
				18062EB31B7764FE00CCB5F3 /* Products */,
			);
			sourceTree = "<group>";
		};
		18062EB31B7764FE00CCB5F3 /* Products */ = {
			isa = PBXGroup;
			children = (
				18062EB21B7764FE00CCB5F3 /* Cat Years.app */,
				18062EC71B7764FE00CCB5F3 /* Cat YearsTests.xctest */,
			);
			name = Products;
			sourceTree = "<group>";
		};
		18062EB41B7764FE00CCB5F3 /* Cat Years */ = {
			isa = PBXGroup;
			children = (
				18062EB71B7764FE00CCB5F3 /* AppDelegate.swift */,
				18062EB91B7764FE00CCB5F3 /* ViewController.swift */,
				18062EBB1B7764FE00CCB5F3 /* Main.storyboard */,
				18062EBE1B7764FE00CCB5F3 /* Images.xcassets */,
				18062ED71B7766AA00CCB5F3 /* cat.jpg */,
				18062EC01B7764FE00CCB5F3 /* LaunchScreen.xib */,
				18062EB51B7764FE00CCB5F3 /* Supporting Files */,
			);
			path = "Cat Years";
			sourceTree = "<group>";
		};
		18062EB51B7764FE00CCB5F3 /* Supporting Files */ = {
			isa = PBXGroup;
			children = (
				18062EB61B7764FE00CCB5F3 /* Info.plist */,
			);
			name = "Supporting Files";
			sourceTree = "<group>";
		};
		18062ECA1B7764FE00CCB5F3 /* Cat YearsTests */ = {
			isa = PBXGroup;
			children = (
				18062ECD1B7764FE00CCB5F3 /* Cat_YearsTests.swift */,
				18062ECB1B7764FE00CCB5F3 /* Supporting Files */,
			);
			path = "Cat YearsTests";
			sourceTree = "<group>";
		};
		18062ECB1B7764FE00CCB5F3 /* Supporting Files */ = {
			isa = PBXGroup;
			children = (
				18062ECC1B7764FE00CCB5F3 /* Info.plist */,
			);
			name = "Supporting Files";
			sourceTree = "<group>";
		};
/* End PBXGroup section */

/* Begin PBXNativeTarget section */
		18062EB11B7764FE00CCB5F3 /* Cat Years */ = {
			isa = PBXNativeTarget;
			buildConfigurationList = 18062ED11B7764FE00CCB5F3 /* Build configuration list for PBXNativeTarget "Cat Years" */;
			buildPhases = (
				18062EAE1B7764FE00CCB5F3 /* Sources */,
				18062EAF1B7764FE00CCB5F3 /* Frameworks */,
				18062EB01B7764FE00CCB5F3 /* Resources */,
			);
			buildRules = (
			);
			dependencies = (
			);
			name = "Cat Years";
			productName = "Cat Years";
			productReference = 18062EB21B7764FE00CCB5F3 /* Cat Years.app */;
			productType = "com.apple.product-type.application";
		};
		18062EC61B7764FE00CCB5F3 /* Cat YearsTests */ = {
			isa = PBXNativeTarget;
			buildConfigurationList = 18062ED41B7764FE00CCB5F3 /* Build configuration list for PBXNativeTarget "Cat YearsTests" */;
			buildPhases = (
				18062EC31B7764FE00CCB5F3 /* Sources */,
				18062EC41B7764FE00CCB5F3 /* Frameworks */,
				18062EC51B7764FE00CCB5F3 /* Resources */,
			);
			buildRules = (
			);
			dependencies = (
				18062EC91B7764FE00CCB5F3 /* PBXTargetDependency */,
			);
			name = "Cat YearsTests";
			productName = "Cat YearsTests";
			productReference = 18062EC71B7764FE00CCB5F3 /* Cat YearsTests.xctest */;
			productType = "com.apple.product-type.bundle.unit-test";
		};
/* End PBXNativeTarget section */

/* Begin PBXProject section */
		18062EAA1B7764FE00CCB5F3 /* Project object */ = {
			isa = PBXProject;
			attributes = {
				LastUpgradeCheck = 0620;
				ORGANIZATIONNAME = RichardGarrod;
				TargetAttributes = {
					18062EB11B7764FE00CCB5F3 = {
						CreatedOnToolsVersion = 6.2;
					};
					18062EC61B7764FE00CCB5F3 = {
						CreatedOnToolsVersion = 6.2;
						TestTargetID = 18062EB11B7764FE00CCB5F3;
					};
				};
			};
			buildConfigurationList = 18062EAD1B7764FE00CCB5F3 /* Build configuration list for PBXProject "Cat Years" */;
			compatibilityVersion = "Xcode 3.2";
			developmentRegion = English;
			hasScannedForEncodings = 0;
			knownRegions = (
				en,
				Base,
			);
			mainGroup = 18062EA91B7764FE00CCB5F3;
			productRefGroup = 18062EB31B7764FE00CCB5F3 /* Products */;
			projectDirPath = "";
			projectRoot = "";
			targets = (
				18062EB11B7764FE00CCB5F3 /* Cat Years */,
				18062EC61B7764FE00CCB5F3 /* Cat YearsTests */,
			);
		};
/* End PBXProject section */

/* Begin PBXResourcesBuildPhase section */
		18062EB01B7764FE00CCB5F3 /* Resources */ = {
			isa = PBXResourcesBuildPhase;
			buildActionMask = 2147483647;
			files = (
				18062EBD1B7764FE00CCB5F3 /* Main.storyboard in Resources */,
				18062EC21B7764FE00CCB5F3 /* LaunchScreen.xib in Resources */,
				18062ED81B7766AA00CCB5F3 /* cat.jpg in Resources */,
				18062EBF1B7764FE00CCB5F3 /* Images.xcassets in Resources */,
			);
			runOnlyForDeploymentPostprocessing = 0;
		};
		18062EC51B7764FE00CCB5F3 /* Resources */ = {
			isa = PBXResourcesBuildPhase;
			buildActionMask = 2147483647;
			files = (
			);
			runOnlyForDeploymentPostprocessing = 0;
		};
/* End PBXResourcesBuildPhase section */

/* Begin PBXSourcesBuildPhase section */
		18062EAE1B7764FE00CCB5F3 /* Sources */ = {
			isa = PBXSourcesBuildPhase;
			buildActionMask = 2147483647;
			files = (
				18062EBA1B7764FE00CCB5F3 /* ViewController.swift in Sources */,
				18062EB81B7764FE00CCB5F3 /* AppDelegate.swift in Sources */,
			);
			runOnlyForDeploymentPostprocessing = 0;
		};
		18062EC31B7764FE00CCB5F3 /* Sources */ = {
			isa = PBXSourcesBuildPhase;
			buildActionMask = 2147483647;
			files = (
				18062ECE1B7764FE00CCB5F3 /* Cat_YearsTests.swift in Sources */,
			);
			runOnlyForDeploymentPostprocessing = 0;
		};
/* End PBXSourcesBuildPhase section */

/* Begin PBXTargetDependency section */
		18062EC91B7764FE00CCB5F3 /* PBXTargetDependency */ = {
			isa = PBXTargetDependency;
			target = 18062EB11B7764FE00CCB5F3 /* Cat Years */;
			targetProxy = 18062EC81B7764FE00CCB5F3 /* PBXContainerItemProxy */;
		};
/* End PBXTargetDependency section */

/* Begin PBXVariantGroup section */
		18062EBB1B7764FE00CCB5F3 /* Main.storyboard */ = {
			isa = PBXVariantGroup;
			children = (
				18062EBC1B7764FE00CCB5F3 /* Base */,
			);
			name = Main.storyboard;
			sourceTree = "<group>";
		};
		18062EC01B7764FE00CCB5F3 /* LaunchScreen.xib */ = {
			isa = PBXVariantGroup;
			children = (
				18062EC11B7764FE00CCB5F3 /* Base */,
			);
			name = LaunchScreen.xib;
			sourceTree = "<group>";
		};
/* End PBXVariantGroup section */

/* Begin XCBuildConfiguration section */
		18062ECF1B7764FE00CCB5F3 /* Debug */ = {
			isa = XCBuildConfiguration;
			buildSettings = {
				ALWAYS_SEARCH_USER_PATHS = NO;
				CLANG_CXX_LANGUAGE_STANDARD = "gnu++0x";
				CLANG_CXX_LIBRARY = "libc++";
				CLANG_ENABLE_MODULES = YES;
				CLANG_ENABLE_OBJC_ARC = YES;
				CLANG_WARN_BOOL_CONVERSION = YES;
				CLANG_WARN_CONSTANT_CONVERSION = YES;
				CLANG_WARN_DIRECT_OBJC_ISA_USAGE = YES_ERROR;
				CLANG_WARN_EMPTY_BODY = YES;
				CLANG_WARN_ENUM_CONVERSION = YES;
				CLANG_WARN_INT_CONVERSION = YES;
				CLANG_WARN_OBJC_ROOT_CLASS = YES_ERROR;
				CLANG_WARN_UNREACHABLE_CODE = YES;
				CLANG_WARN__DUPLICATE_METHOD_MATCH = YES;
				"CODE_SIGN_IDENTITY[sdk=iphoneos*]" = "iPhone Developer";
				COPY_PHASE_STRIP = NO;
				ENABLE_STRICT_OBJC_MSGSEND = YES;
				GCC_C_LANGUAGE_STANDARD = gnu99;
				GCC_DYNAMIC_NO_PIC = NO;
				GCC_OPTIMIZATION_LEVEL = 0;
				GCC_PREPROCESSOR_DEFINITIONS = (
					"DEBUG=1",
					"$(inherited)",
				);
				GCC_SYMBOLS_PRIVATE_EXTERN = NO;
				GCC_WARN_64_TO_32_BIT_CONVERSION = YES;
				GCC_WARN_ABOUT_RETURN_TYPE = YES_ERROR;
				GCC_WARN_UNDECLARED_SELECTOR = YES;
				GCC_WARN_UNINITIALIZED_AUTOS = YES_AGGRESSIVE;
				GCC_WARN_UNUSED_FUNCTION = YES;
				GCC_WARN_UNUSED_VARIABLE = YES;
				IPHONEOS_DEPLOYMENT_TARGET = 8.2;
				MTL_ENABLE_DEBUG_INFO = YES;
				ONLY_ACTIVE_ARCH = YES;
				SDKROOT = iphoneos;
				SWIFT_OPTIMIZATION_LEVEL = "-Onone";
			};
			name = Debug;
		};
		18062ED01B7764FE00CCB5F3 /* Release */ = {
			isa = XCBuildConfiguration;
			buildSettings = {
				ALWAYS_SEARCH_USER_PATHS = NO;
				CLANG_CXX_LANGUAGE_STANDARD = "gnu++0x";
				CLANG_CXX_LIBRARY = "libc++";
				CLANG_ENABLE_MODULES = YES;
				CLANG_ENABLE_OBJC_ARC = YES;
				CLANG_WARN_BOOL_CONVERSION = YES;
				CLANG_WARN_CONSTANT_CONVERSION = YES;
				CLANG_WARN_DIRECT_OBJC_ISA_USAGE = YES_ERROR;
				CLANG_WARN_EMPTY_BODY = YES;
				CLANG_WARN_ENUM_CONVERSION = YES;
				CLANG_WARN_INT_CONVERSION = YES;
				CLANG_WARN_OBJC_ROOT_CLASS = YES_ERROR;
				CLANG_WARN_UNREACHABLE_CODE = YES;
				CLANG_WARN__DUPLICATE_METHOD_MATCH = YES;
				"CODE_SIGN_IDENTITY[sdk=iphoneos*]" = "iPhone Developer";
				COPY_PHASE_STRIP = NO;
				ENABLE_NS_ASSERTIONS = NO;
				ENABLE_STRICT_OBJC_MSGSEND = YES;
				GCC_C_LANGUAGE_STANDARD = gnu99;
				GCC_WARN_64_TO_32_BIT_CONVERSION = YES;
				GCC_WARN_ABOUT_RETURN_TYPE = YES_ERROR;
				GCC_WARN_UNDECLARED_SELECTOR = YES;
				GCC_WARN_UNINITIALIZED_AUTOS = YES_AGGRESSIVE;
				GCC_WARN_UNUSED_FUNCTION = YES;
				GCC_WARN_UNUSED_VARIABLE = YES;
				IPHONEOS_DEPLOYMENT_TARGET = 8.2;
				MTL_ENABLE_DEBUG_INFO = NO;
				SDKROOT = iphoneos;
				VALIDATE_PRODUCT = YES;
			};
			name = Release;
		};
		18062ED21B7764FE00CCB5F3 /* Debug */ = {
			isa = XCBuildConfiguration;
			buildSettings = {
				ASSETCATALOG_COMPILER_APPICON_NAME = AppIcon;
				INFOPLIST_FILE = "Cat Years/Info.plist";
				LD_RUNPATH_SEARCH_PATHS = "$(inherited) @executable_path/Frameworks";
				PRODUCT_NAME = "$(TARGET_NAME)";
			};
			name = Debug;
		};
		18062ED31B7764FE00CCB5F3 /* Release */ = {
			isa = XCBuildConfiguration;
			buildSettings = {
				ASSETCATALOG_COMPILER_APPICON_NAME = AppIcon;
				INFOPLIST_FILE = "Cat Years/Info.plist";
				LD_RUNPATH_SEARCH_PATHS = "$(inherited) @executable_path/Frameworks";
				PRODUCT_NAME = "$(TARGET_NAME)";
			};
			name = Release;
		};
		18062ED51B7764FE00CCB5F3 /* Debug */ = {
			isa = XCBuildConfiguration;
			buildSettings = {
				BUNDLE_LOADER = "$(TEST_HOST)";
				FRAMEWORK_SEARCH_PATHS = (
					"$(SDKROOT)/Developer/Library/Frameworks",
					"$(inherited)",
				);
				GCC_PREPROCESSOR_DEFINITIONS = (
					"DEBUG=1",
					"$(inherited)",
				);
				INFOPLIST_FILE = "Cat YearsTests/Info.plist";
				LD_RUNPATH_SEARCH_PATHS = "$(inherited) @executable_path/Frameworks @loader_path/Frameworks";
				PRODUCT_NAME = "$(TARGET_NAME)";
				TEST_HOST = "$(BUILT_PRODUCTS_DIR)/Cat Years.app/Cat Years";
			};
			name = Debug;
		};
		18062ED61B7764FE00CCB5F3 /* Release */ = {
			isa = XCBuildConfiguration;
			buildSettings = {
				BUNDLE_LOADER = "$(TEST_HOST)";
				FRAMEWORK_SEARCH_PATHS = (
					"$(SDKROOT)/Developer/Library/Frameworks",
					"$(inherited)",
				);
				INFOPLIST_FILE = "Cat YearsTests/Info.plist";
				LD_RUNPATH_SEARCH_PATHS = "$(inherited) @executable_path/Frameworks @loader_path/Frameworks";
				PRODUCT_NAME = "$(TARGET_NAME)";
				TEST_HOST = "$(BUILT_PRODUCTS_DIR)/Cat Years.app/Cat Years";
			};
			name = Release;
		};
/* End XCBuildConfiguration section */

/* Begin XCConfigurationList section */
		18062EAD1B7764FE00CCB5F3 /* Build configuration list for PBXProject "Cat Years" */ = {
			isa = XCConfigurationList;
			buildConfigurations = (
				18062ECF1B7764FE00CCB5F3 /* Debug */,
				18062ED01B7764FE00CCB5F3 /* Release */,
			);
			defaultConfigurationIsVisible = 0;
			defaultConfigurationName = Release;
		};
		18062ED11B7764FE00CCB5F3 /* Build configuration list for PBXNativeTarget "Cat Years" */ = {
			isa = XCConfigurationList;
			buildConfigurations = (
				18062ED21B7764FE00CCB5F3 /* Debug */,
				18062ED31B7764FE00CCB5F3 /* Release */,
			);
			defaultConfigurationIsVisible = 0;
		};
		18062ED41B7764FE00CCB5F3 /* Build configuration list for PBXNativeTarget "Cat YearsTests" */ = {
			isa = XCConfigurationList;
			buildConfigurations = (
				18062ED51B7764FE00CCB5F3 /* Debug */,
				18062ED61B7764FE00CCB5F3 /* Release */,
			);
			defaultConfigurationIsVisible = 0;
		};
/* End XCConfigurationList section */
	};
	rootObject = 18062EAA1B7764FE00CCB5F3 /* Project object */;
}
